
Microsoft Visual Studio Solution File, Format Version 12.00
# Visual Studio Version 17
VisualStudioVersion = 17.12.35707.178 d17.12
MinimumVisualStudioVersion = 10.0.40219.1
Project("{FAE04EC0-301F-11D3-BF4B-00C04F79EFBC}") = "Lab_Aeropuerto Grupo 2", "Lab_Aeropuerto Grupo 2\Lab_Aeropuerto Grupo 2.csproj", "{FEAA0292-3B9F-46D0-BC1A-480B50AEAA72}"
EndProject
Global
	GlobalSection(SolutionConfigurationPlatforms) = preSolution
		Debug|Any CPU = Debug|Any CPU
		Release|Any CPU = Release|Any CPU
	EndGlobalSection
	GlobalSection(ProjectConfigurationPlatforms) = postSolution
		{FEAA0292-3B9F-46D0-BC1A-480B50AEAA72}.Debug|Any CPU.ActiveCfg = Debug|Any CPU
		{FEAA0292-3B9F-46D0-BC1A-480B50AEAA72}.Debug|Any CPU.Build.0 = Debug|Any CPU
		{FEAA0292-3B9F-46D0-BC1A-480B50AEAA72}.Release|Any CPU.ActiveCfg = Release|Any CPU
		{FEAA0292-3B9F-46D0-BC1A-480B50AEAA72}.Release|Any CPU.Build.0 = Release|Any CPU
	EndGlobalSection
	GlobalSection(SolutionProperties) = preSolution
		HideSolutionNode = FALSE
	EndGlobalSection
EndGlobal
